
Microsoft Visual Studio Solution File, Format Version 12.00
# Visual Studio Version 16
VisualStudioVersion = 16.0.29509.3
MinimumVisualStudioVersion = 10.0.40219.1
Project("{FAE04EC0-301F-11D3-BF4B-00C04F79EFBC}") = "TextDiff UWP", "TextDiff UWP\TextDiff UWP.csproj", "{AFCB6486-D667-4B50-9398-66597F888BE6}"
EndProject
Project("{2150E333-8FDC-42A3-9474-1A3956D46DE8}") = "Solution Items", "Solution Items", "{A2674B33-247B-4D46-9BA6-B645972558C8}"
	ProjectSection(SolutionItems) = preProject
		.editorconfig = .editorconfig
	EndProjectSection
EndProject
Global
	GlobalSection(SolutionConfigurationPlatforms) = preSolution
		Debug|ARM = Debug|ARM
		Debug|ARM64 = Debug|ARM64
		Debug|x64 = Debug|x64
		Debug|x86 = Debug|x86
		Release|ARM = Release|ARM
		Release|ARM64 = Release|ARM64
		Release|x64 = Release|x64
		Release|x86 = Release|x86
	EndGlobalSection
	GlobalSection(ProjectConfigurationPlatforms) = postSolution
		{AFCB6486-D667-4B50-9398-66597F888BE6}.Debug|ARM.ActiveCfg = Debug|ARM
		{AFCB6486-D667-4B50-9398-66597F888BE6}.Debug|ARM.Build.0 = Debug|ARM
		{AFCB6486-D667-4B50-9398-66597F888BE6}.Debug|ARM.Deploy.0 = Debug|ARM
		{AFCB6486-D667-4B50-9398-66597F888BE6}.Debug|ARM64.ActiveCfg = Debug|ARM64
		{AFCB6486-D667-4B50-9398-66597F888BE6}.Debug|ARM64.Build.0 = Debug|ARM64
		{AFCB6486-D667-4B50-9398-66597F888BE6}.Debug|ARM64.Deploy.0 = Debug|ARM64
		{AFCB6486-D667-4B50-9398-66597F888BE6}.Debug|x64.ActiveCfg = Debug|x64
		{AFCB6486-D667-4B50-9398-66597F888BE6}.Debug|x64.Build.0 = Debug|x64
		{AFCB6486-D667-4B50-9398-66597F888BE6}.Debug|x64.Deploy.0 = Debug|x64
		{AFCB6486-D667-4B50-9398-66597F888BE6}.Debug|x86.ActiveCfg = Debug|x86
		{AFCB6486-D667-4B50-9398-66597F888BE6}.Debug|x86.Build.0 = Debug|x86
		{AFCB6486-D667-4B50-9398-66597F888BE6}.Debug|x86.Deploy.0 = Debug|x86
		{AFCB6486-D667-4B50-9398-66597F888BE6}.Release|ARM.ActiveCfg = Release|ARM
		{AFCB6486-D667-4B50-9398-66597F888BE6}.Release|ARM.Build.0 = Release|ARM
		{AFCB6486-D667-4B50-9398-66597F888BE6}.Release|ARM.Deploy.0 = Release|ARM
		{AFCB6486-D667-4B50-9398-66597F888BE6}.Release|ARM64.ActiveCfg = Release|ARM64
		{AFCB6486-D667-4B50-9398-66597F888BE6}.Release|ARM64.Build.0 = Release|ARM64
		{AFCB6486-D667-4B50-9398-66597F888BE6}.Release|ARM64.Deploy.0 = Release|ARM64
		{AFCB6486-D667-4B50-9398-66597F888BE6}.Release|x64.ActiveCfg = Release|x64
		{AFCB6486-D667-4B50-9398-66597F888BE6}.Release|x64.Build.0 = Release|x64
		{AFCB6486-D667-4B50-9398-66597F888BE6}.Release|x64.Deploy.0 = Release|x64
		{AFCB6486-D667-4B50-9398-66597F888BE6}.Release|x86.ActiveCfg = Release|x86
		{AFCB6486-D667-4B50-9398-66597F888BE6}.Release|x86.Build.0 = Release|x86
		{AFCB6486-D667-4B50-9398-66597F888BE6}.Release|x86.Deploy.0 = Release|x86
	EndGlobalSection
	GlobalSection(SolutionProperties) = preSolution
		HideSolutionNode = FALSE
	EndGlobalSection
	GlobalSection(ExtensibilityGlobals) = postSolution
		SolutionGuid = {457CEC23-1DD2-4DAF-9105-F5A6621B8D33}
	EndGlobalSection
EndGlobal
